// !$*UTF8*$!
{
	archiveVersion = 1;
	classes = {
	};
	objectVersion = 46;
	objects = {

/* Begin PBXBuildFile section */
		84B8A65F1C45CB8100C3B6D8 /* main.swift in Sources */ = {isa = PBXBuildFile; fileRef = 84B8A65E1C45CB8100C3B6D8 /* main.swift */; };
		84B8A6661C45CB9200C3B6D8 /* Person.swift in Sources */ = {isa = PBXBuildFile; fileRef = 84B8A6651C45CB9200C3B6D8 /* Person.swift */; };
		84B8A6681C45D6F500C3B6D8 /* Asset.swift in Sources */ = {isa = PBXBuildFile; fileRef = 84B8A6671C45D6F500C3B6D8 /* Asset.swift */; };
/* End PBXBuildFile section */

/* Begin PBXCopyFilesBuildPhase section */
		84B8A6591C45CB8100C3B6D8 /* CopyFiles */ = {
			isa = PBXCopyFilesBuildPhase;
			buildActionMask = 2147483647;
			dstPath = /usr/share/man/man1/;
			dstSubfolderSpec = 0;
			files = (
			);
			runOnlyForDeploymentPostprocessing = 1;
		};
/* End PBXCopyFilesBuildPhase section */

/* Begin PBXFileReference section */
		84B8A65B1C45CB8100C3B6D8 /* CyclicalAssets */ = {isa = PBXFileReference; explicitFileType = "compiled.mach-o.executable"; includeInIndex = 0; path = CyclicalAssets; sourceTree = BUILT_PRODUCTS_DIR; };
		84B8A65E1C45CB8100C3B6D8 /* main.swift */ = {isa = PBXFileReference; lastKnownFileType = sourcecode.swift; path = main.swift; sourceTree = "<group>"; };
		84B8A6651C45CB9200C3B6D8 /* Person.swift */ = {isa = PBXFileReference; fileEncoding = 4; lastKnownFileType = sourcecode.swift; path = Person.swift; sourceTree = "<group>"; };
		84B8A6671C45D6F500C3B6D8 /* Asset.swift */ = {isa = PBXFileReference; fileEncoding = 4; lastKnownFileType = sourcecode.swift; path = Asset.swift; sourceTree = "<group>"; };
/* End PBXFileReference section */

/* Begin PBXFrameworksBuildPhase section */
		84B8A6581C45CB8100C3B6D8 /* Frameworks */ = {
			isa = PBXFrameworksBuildPhase;
			buildActionMask = 2147483647;
			files = (
			);
			runOnlyForDeploymentPostprocessing = 0;
		};
/* End PBXFrameworksBuildPhase section */

/* Begin PBXGroup section */
		84B8A6521C45CB8100C3B6D8 = {
			isa = PBXGroup;
			children = (
				84B8A65D1C45CB8100C3B6D8 /* CyclicalAssets */,
				84B8A65C1C45CB8100C3B6D8 /* Products */,
			);
			sourceTree = "<group>";
		};
		84B8A65C1C45CB8100C3B6D8 /* Products */ = {
			isa = PBXGroup;
			children = (
				84B8A65B1C45CB8100C3B6D8 /* CyclicalAssets */,
			);
			name = Products;
			sourceTree = "<group>";
		};
		84B8A65D1C45CB8100C3B6D8 /* CyclicalAssets */ = {
			isa = PBXGroup;
			children = (
				84B8A6671C45D6F500C3B6D8 /* Asset.swift */,
				84B8A65E1C45CB8100C3B6D8 /* main.swift */,
				84B8A6651C45CB9200C3B6D8 /* Person.swift */,
			);
			path = CyclicalAssets;
			sourceTree = "<group>";
		};
/* End PBXGroup section */

/* Begin PBXNativeTarget section */
		84B8A65A1C45CB8100C3B6D8 /* CyclicalAssets */ = {
			isa = PBXNativeTarget;
			buildConfigurationList = 84B8A6621C45CB8100C3B6D8 /* Build configuration list for PBXNativeTarget "CyclicalAssets" */;
			buildPhases = (
				84B8A6571C45CB8100C3B6D8 /* Sources */,
				84B8A6581C45CB8100C3B6D8 /* Frameworks */,
				84B8A6591C45CB8100C3B6D8 /* CopyFiles */,
			);
			buildRules = (
			);
			dependencies = (
			);
			name = CyclicalAssets;
			productName = CyclicalAssets;
			productReference = 84B8A65B1C45CB8100C3B6D8 /* CyclicalAssets */;
			productType = "com.apple.product-type.tool";
		};
/* End PBXNativeTarget section */

/* Begin PBXProject section */
		84B8A6531C45CB8100C3B6D8 /* Project object */ = {
			isa = PBXProject;
			attributes = {
				LastSwiftUpdateCheck = 0720;
				LastUpgradeCheck = 0720;
				ORGANIZATIONNAME = Kern;
				TargetAttributes = {
					84B8A65A1C45CB8100C3B6D8 = {
						CreatedOnToolsVersion = 7.2;
					};
				};
			};
			buildConfigurationList = 84B8A6561C45CB8100C3B6D8 /* Build configuration list for PBXProject "CyclicalAssets" */;
			compatibilityVersion = "Xcode 3.2";
			developmentRegion = English;
			hasScannedForEncodings = 0;
			knownRegions = (
				en,
			);
			mainGroup = 84B8A6521C45CB8100C3B6D8;
			productRefGroup = 84B8A65C1C45CB8100C3B6D8 /* Products */;
			projectDirPath = "";
			projectRoot = "";
			targets = (
				84B8A65A1C45CB8100C3B6D8 /* CyclicalAssets */,
			);
		};
/* End PBXProject section */

/* Begin PBXSourcesBuildPhase section */
		84B8A6571C45CB8100C3B6D8 /* Sources */ = {
			isa = PBXSourcesBuildPhase;
			buildActionMask = 2147483647;
			files = (
				84B8A6681C45D6F500C3B6D8 /* Asset.swift in Sources */,
				84B8A6661C45CB9200C3B6D8 /* Person.swift in Sources */,
				84B8A65F1C45CB8100C3B6D8 /* main.swift in Sources */,
			);
			runOnlyForDeploymentPostprocessing = 0;
		};
/* End PBXSourcesBuildPhase section */

/* Begin XCBuildConfiguration section */
		84B8A6601C45CB8100C3B6D8 /* Debug */ = {
			isa = XCBuildConfiguration;
			buildSettings = {
				ALWAYS_SEARCH_USER_PATHS = NO;
				CLANG_CXX_LANGUAGE_STANDARD = "gnu++0x";
				CLANG_CXX_LIBRARY = "libc++";
				CLANG_ENABLE_MODULES = YES;
				CLANG_ENABLE_OBJC_ARC = YES;
				CLANG_WARN_BOOL_CONVERSION = YES;
				CLANG_WARN_CONSTANT_CONVERSION = YES;
				CLANG_WARN_DIRECT_OBJC_ISA_USAGE = YES_ERROR;
				CLANG_WARN_EMPTY_BODY = YES;
				CLANG_WARN_ENUM_CONVERSION = YES;
				CLANG_WARN_INT_CONVERSION = YES;
				CLANG_WARN_OBJC_ROOT_CLASS = YES_ERROR;
				CLANG_WARN_UNREACHABLE_CODE = YES;
				CLANG_WARN__DUPLICATE_METHOD_MATCH = YES;
				CODE_SIGN_IDENTITY = "-";
				COPY_PHASE_STRIP = NO;
				DEBUG_INFORMATION_FORMAT = dwarf;
				ENABLE_STRICT_OBJC_MSGSEND = YES;
				ENABLE_TESTABILITY = YES;
				GCC_C_LANGUAGE_STANDARD = gnu99;
				GCC_DYNAMIC_NO_PIC = NO;
				GCC_NO_COMMON_BLOCKS = YES;
				GCC_OPTIMIZATION_LEVEL = 0;
				GCC_PREPROCESSOR_DEFINITIONS = (
					"DEBUG=1",
					"$(inherited)",
				);
				GCC_WARN_64_TO_32_BIT_CONVERSION = YES;
				GCC_WARN_ABOUT_RETURN_TYPE = YES_ERROR;
				GCC_WARN_UNDECLARED_SELECTOR = YES;
				GCC_WARN_UNINITIALIZED_AUTOS = YES_AGGRESSIVE;
				GCC_WARN_UNUSED_FUNCTION = YES;
				GCC_WARN_UNUSED_VARIABLE = YES;
				MACOSX_DEPLOYMENT_TARGET = 10.11;
				MTL_ENABLE_DEBUG_INFO = YES;
				ONLY_ACTIVE_ARCH = YES;
				SDKROOT = macosx;
				SWIFT_OPTIMIZATION_LEVEL = "-Onone";
			};
			name = Debug;
		};
		84B8A6611C45CB8100C3B6D8 /* Release */ = {
			isa = XCBuildConfiguration;
			buildSettings = {
				ALWAYS_SEARCH_USER_PATHS = NO;
				CLANG_CXX_LANGUAGE_STANDARD = "gnu++0x";
				CLANG_CXX_LIBRARY = "libc++";
				CLANG_ENABLE_MODULES = YES;
				CLANG_ENABLE_OBJC_ARC = YES;
				CLANG_WARN_BOOL_CONVERSION = YES;
				CLANG_WARN_CONSTANT_CONVERSION = YES;
				CLANG_WARN_DIRECT_OBJC_ISA_USAGE = YES_ERROR;
				CLANG_WARN_EMPTY_BODY = YES;
				CLANG_WARN_ENUM_CONVERSION = YES;
				CLANG_WARN_INT_CONVERSION = YES;
				CLANG_WARN_OBJC_ROOT_CLASS = YES_ERROR;
				CLANG_WARN_UNREACHABLE_CODE = YES;
				CLANG_WARN__DUPLICATE_METHOD_MATCH = YES;
				CODE_SIGN_IDENTITY = "-";
				COPY_PHASE_STRIP = NO;
				DEBUG_INFORMATION_FORMAT = "dwarf-with-dsym";
				ENABLE_NS_ASSERTIONS = NO;
				ENABLE_STRICT_OBJC_MSGSEND = YES;
				GCC_C_LANGUAGE_STANDARD = gnu99;
				GCC_NO_COMMON_BLOCKS = YES;
				GCC_WARN_64_TO_32_BIT_CONVERSION = YES;
				GCC_WARN_ABOUT_RETURN_TYPE = YES_ERROR;
				GCC_WARN_UNDECLARED_SELECTOR = YES;
				GCC_WARN_UNINITIALIZED_AUTOS = YES_AGGRESSIVE;
				GCC_WARN_UNUSED_FUNCTION = YES;
				GCC_WARN_UNUSED_VARIABLE = YES;
				MACOSX_DEPLOYMENT_TARGET = 10.11;
				MTL_ENABLE_DEBUG_INFO = NO;
				SDKROOT = macosx;
			};
			name = Release;
		};
		84B8A6631C45CB8100C3B6D8 /* Debug */ = {
			isa = XCBuildConfiguration;
			buildSettings = {
				PRODUCT_NAME = "$(TARGET_NAME)";
			};
			name = Debug;
		};
		84B8A6641C45CB8100C3B6D8 /* Release */ = {
			isa = XCBuildConfiguration;
			buildSettings = {
				PRODUCT_NAME = "$(TARGET_NAME)";
			};
			name = Release;
		};
/* End XCBuildConfiguration section */

/* Begin XCConfigurationList section */
		84B8A6561C45CB8100C3B6D8 /* Build configuration list for PBXProject "CyclicalAssets" */ = {
			isa = XCConfigurationList;
			buildConfigurations = (
				84B8A6601C45CB8100C3B6D8 /* Debug */,
				84B8A6611C45CB8100C3B6D8 /* Release */,
			);
			defaultConfigurationIsVisible = 0;
			defaultConfigurationName = Release;
		};
		84B8A6621C45CB8100C3B6D8 /* Build configuration list for PBXNativeTarget "CyclicalAssets" */ = {
			isa = XCConfigurationList;
			buildConfigurations = (
				84B8A6631C45CB8100C3B6D8 /* Debug */,
				84B8A6641C45CB8100C3B6D8 /* Release */,
			);
			defaultConfigurationIsVisible = 0;
		};
/* End XCConfigurationList section */
	};
	rootObject = 84B8A6531C45CB8100C3B6D8 /* Project object */;
}
